{
  "version": "5",
  "specifiers": {
    "jsr:@deno/esbuild-plugin@^1.2.0": "1.2.1",
    "jsr:@deno/gfm@0.12": "0.12.0",
    "jsr:@deno/kv-utils@~0.1.4": "0.1.4",
    "jsr:@deno/loader@0.4": "0.4.0",
    "jsr:@deno/loader@~0.3.10": "0.3.14",
    "jsr:@denosaurs/emoji@~0.3.1": "0.3.1",
    "jsr:@fresh/build-id@1": "1.0.1",
    "jsr:@fresh/core@2": "2.3.3",
    "jsr:@fresh/core@^2.3.3": "2.3.3",
    "jsr:@fresh/plugin-vite@^1.1.2": "1.1.2",
    "jsr:@kindkitchen/gauth@0.4.1": "0.4.1",
    "jsr:@kindkitchen/internal-util@~0.4.1": "0.4.2",
    "jsr:@kitsonk/kv-toolbox@0.31.0": "0.31.0",
    "jsr:@std/assert@1": "1.0.19",
    "jsr:@std/assert@^1.0.16": "1.0.19",
    "jsr:@std/bytes@1": "1.0.6",
    "jsr:@std/bytes@^1.0.3": "1.0.6",
    "jsr:@std/bytes@^1.0.6": "1.0.6",
    "jsr:@std/crypto@1.1": "1.1.0",
    "jsr:@std/dotenv@~0.225.5": "0.225.7",
    "jsr:@std/encoding@1": "1.0.11",
    "jsr:@std/encoding@^1.0.10": "1.0.11",
    "jsr:@std/encoding@^1.0.5": "1.0.11",
    "jsr:@std/fmt@^1.0.7": "1.0.10",
    "jsr:@std/fmt@^1.0.8": "1.0.10",
    "jsr:@std/fs@^1.0.19": "1.0.24",
    "jsr:@std/html@^1.0.5": "1.0.7",
    "jsr:@std/http@^1.0.21": "1.1.1",
    "jsr:@std/internal@^1.0.12": "1.0.14",
    "jsr:@std/internal@^1.0.14": "1.0.14",
    "jsr:@std/json@^1.0.2": "1.1.0",
    "jsr:@std/jsonc@^1.0.2": "1.0.2",
    "jsr:@std/media-types@1": "1.1.0",
    "jsr:@std/media-types@^1.1.0": "1.1.0",
    "jsr:@std/net@^1.0.6": "1.0.6",
    "jsr:@std/path@1": "1.1.6",
    "jsr:@std/path@^1.1.1": "1.1.6",
    "jsr:@std/path@^1.1.2": "1.1.6",
    "jsr:@std/path@^1.1.5": "1.1.6",
    "jsr:@std/semver@^1.0.6": "1.0.8",
    "jsr:@std/uuid@^1.0.9": "1.1.1"
  },
  "jsr": {
    "@deno/esbuild-plugin@1.2.1": {
      "integrity": "df629467913adc1f960149fdfa3a3430ba8c20381c310fba096db244e6c3c9f6",
      "dependencies": [
        "jsr:@deno/loader@~0.3.10",
        "jsr:@std/path@^1.1.1"
      ]
    },
    "@deno/gfm@0.12.0": {
      "integrity": "9b2d8f3e3d5673da5b2e8613d36cf38619ac5e3bdeb895d35472a16870fb147a",
      "dependencies": [
        "jsr:@denosaurs/emoji"
      ]
    },
    "@deno/kv-utils@0.1.4": {
      "integrity": "119a768c8a9b1af76552b48e78457cd2fb38cc97c10b3a57cf65efe47ff9ca1a",
      "dependencies": [
        "jsr:@std/bytes@^1.0.3",
        "jsr:@std/encoding@^1.0.5"
      ]
    },
    "@deno/loader@0.3.14": {
      "integrity": "97bc63a6cc2d27a60bcdc953f588c5213331d866d44212eebb24cebfb9b011ca"
    },
    "@deno/loader@0.4.0": {
      "integrity": "6c1b18cfa18592740613ce79e15625c24268d60dbfc54bebfb5153bf512c536b"
    },
    "@denosaurs/emoji@0.3.1": {
      "integrity": "b0aed5f55dec99e83da7c9637fe0a36d1d6252b7c99deaaa3fc5dea3fcf3da8b"
    },
    "@fresh/build-id@1.0.1": {
      "integrity": "12a2ec25fd52ae9ec68c26848a5696cd1c9b537f7c983c7e56e4fb1e7e816c20",
      "dependencies": [
        "jsr:@std/encoding@^1.0.10"
      ]
    },
    "@fresh/core@2.3.3": {
      "integrity": "6c2aad199976644352c89a1d601f3ef331b1d24cdadb53ed469324a303598383",
      "dependencies": [
        "jsr:@deno/esbuild-plugin",
        "jsr:@fresh/build-id",
        "jsr:@std/encoding@^1.0.10",
        "jsr:@std/fmt@^1.0.8",
        "jsr:@std/fs",
        "jsr:@std/html",
        "jsr:@std/http",
        "jsr:@std/jsonc",
        "jsr:@std/media-types@^1.1.0",
        "jsr:@std/net",
        "jsr:@std/path@^1.1.2",
        "jsr:@std/semver",
        "jsr:@std/uuid"
      ]
    },
    "@fresh/plugin-vite@1.1.2": {
      "integrity": "4b29946c561781d5e557416d2d63ec44428062667b8b0376897a06d8bb397c7d",
      "dependencies": [
        "jsr:@deno/loader@0.4",
        "jsr:@fresh/core@2",
        "jsr:@fresh/core@^2.3.3",
        "jsr:@std/dotenv",
        "jsr:@std/fmt@^1.0.7",
        "jsr:@std/media-types@1",
        "jsr:@std/path@1"
      ]
    },
    "@kindkitchen/gauth@0.4.1": {
      "integrity": "d6139ae1781586b4b8098610ec542fe49a62aca7b9eab4747038d729c3fbfdcf",
      "dependencies": [
        "jsr:@kindkitchen/internal-util",
        "jsr:@std/encoding@^1.0.10"
      ]
    },
    "@kindkitchen/internal-util@0.4.2": {
      "integrity": "d17b5a3ce22270119d70b2ef6a8e02a0b7eb4f9097eda03332fd191d9c2efd12"
    },
    "@kitsonk/kv-toolbox@0.31.0": {
      "integrity": "cf2c62dad83234b2472f2525e23dbd5d998407afa60bf24bdd315c538abe2663",
      "dependencies": [
        "jsr:@deno/kv-utils",
        "jsr:@std/assert@1",
        "jsr:@std/bytes@1",
        "jsr:@std/crypto",
        "jsr:@std/encoding@1",
        "jsr:@std/media-types@1"
      ]
    },
    "@std/assert@1.0.19": {
      "integrity": "eaada96ee120cb980bc47e040f82814d786fe8162ecc53c91d8df60b8755991e",
      "dependencies": [
        "jsr:@std/internal@^1.0.12"
      ]
    },
    "@std/bytes@1.0.6": {
      "integrity": "f6ac6adbd8ccd99314045f5703e23af0a68d7f7e58364b47d2c7f408aeb5820a"
    },
    "@std/crypto@1.1.0": {
      "integrity": "b8d6d0a6377a32b213af2661ed7bf1062d94feac0c57def5526a8e74a95c3ec8"
    },
    "@std/dotenv@0.225.7": {
      "integrity": "11d8db03ca4ad5aba9eba809f2e8058b2a4f320b7b09fea4b360e162928329e3"
    },
    "@std/encoding@1.0.11": {
      "integrity": "e7cef2f0b3153bccc17431e7c864a1de03a4b6d9647389c43e08aaa775d37385"
    },
    "@std/fmt@1.0.10": {
      "integrity": "90dfba288802ac6de82fb31d0917eb9e4450b9925b954d5e51fc29ac07419db5"
    },
    "@std/fs@1.0.24": {
      "integrity": "f3061b45b81673a2bece689da041df32d174be064c89eb6397fb5718d3fb7877",
      "dependencies": [
        "jsr:@std/path@^1.1.5"
      ]
    },
    "@std/html@1.0.7": {
      "integrity": "175c818905a6e75743c69c251395e273d82698e58cfe7dd76268d70e28b8d8fe"
    },
    "@std/http@1.1.1": {
      "integrity": "e343a9a80aea07c716b91be5c79df764144430ad2dd7c9121ed7443f08dc74f7",
      "dependencies": [
        "jsr:@std/encoding@^1.0.10"
      ]
    },
    "@std/internal@1.0.14": {
      "integrity": "291516b3d4c35024d6ffbc0a9df5bf4c64116e05b50012cf846710152d2ffdf7"
    },
    "@std/json@1.1.0": {
      "integrity": "93330d3ed4054d6b1ffe54b075432c80a5f671be77277b978931e018014cb1cc"
    },
    "@std/jsonc@1.0.2": {
      "integrity": "909605dae3af22bd75b1cbda8d64a32cf1fd2cf6efa3f9e224aba6d22c0f44c7",
      "dependencies": [
        "jsr:@std/json"
      ]
    },
    "@std/media-types@1.1.0": {
      "integrity": "c9d093f0c05c3512932b330e3cc1fe1d627b301db33a4c2c2185c02471d6eaa4"
    },
    "@std/net@1.0.6": {
      "integrity": "110735f93e95bb9feb95790a8b1d1bf69ec0dc74f3f97a00a76ea5efea25500c"
    },
    "@std/path@1.1.6": {
      "integrity": "c68485c2a4dfbb5ae3cc74fae4e8c4e5d874cf8a8ed12927917235c758b46cbe",
      "dependencies": [
        "jsr:@std/internal@^1.0.14"
      ]
    },
    "@std/semver@1.0.8": {
      "integrity": "dc830e8b8b6a380c895d53fbfd1258dc253704ca57bbe1629ac65fd7830179b7"
    },
    "@std/uuid@1.1.1": {
      "integrity": "7b49060282d90f72fec64952f8c7a2914cbe6fdba3eca665f8cedc90830154a7",
      "dependencies": [
        "jsr:@std/bytes@^1.0.6"
      ]
    }
  },
  "workspace": {
    "dependencies": [
      "jsr:@deno/gfm@0.12",
      "jsr:@fresh/core@^2.3.3",
      "jsr:@fresh/plugin-vite@^1.1.2",
      "jsr:@kindkitchen/gauth@0.4.1",
      "jsr:@kitsonk/kv-toolbox@0.31.0",
      "jsr:@std/assert@^1.0.16",
      "jsr:@std/http@^1.0.21",
      "npm:effect@^4.0.0-beta.91",
      "npm:marked@^17.0.6",
      "npm:preact-render-to-string@^6.7.0",
      "npm:preact@^10.29.1",
      "npm:vite@^7.1.3"
    ]
  }
}
